
Microsoft Visual Studio Solution File, Format Version 12.00
# Visual Studio Version 16
VisualStudioVersion = 16.0.32002.261
MinimumVisualStudioVersion = 10.0.40219.1
Project("{9A19103F-16F7-4668-BE54-9A1E7A4F7556}") = "HolaMundo", "HolaMundo\HolaMundo.csproj", "{2BA2C2B1-E10B-44F7-8A23-E3B02903961E}"
EndProject
Project("{9A19103F-16F7-4668-BE54-9A1E7A4F7556}") = "TiposDeDatos", "TiposDeDatos\TiposDeDatos.csproj", "{778DD63C-CEEC-4F78-AF49-ADFD601450EA}"
EndProject
Project("{FAE04EC0-301F-11D3-BF4B-00C04F79EFBC}") = "OperadoresArimeticos", "OperadoresArimeticos\OperadoresArimeticos.csproj", "{98AE6E58-7BE0-440A-95E2-F299F7A179CB}"
EndProject
Global
	GlobalSection(SolutionConfigurationPlatforms) = preSolution
		Debug|Any CPU = Debug|Any CPU
		Release|Any CPU = Release|Any CPU
	EndGlobalSection
	GlobalSection(ProjectConfigurationPlatforms) = postSolution
		{2BA2C2B1-E10B-44F7-8A23-E3B02903961E}.Debug|Any CPU.ActiveCfg = Debug|Any CPU
		{2BA2C2B1-E10B-44F7-8A23-E3B02903961E}.Debug|Any CPU.Build.0 = Debug|Any CPU
		{2BA2C2B1-E10B-44F7-8A23-E3B02903961E}.Release|Any CPU.ActiveCfg = Release|Any CPU
		{2BA2C2B1-E10B-44F7-8A23-E3B02903961E}.Release|Any CPU.Build.0 = Release|Any CPU
		{778DD63C-CEEC-4F78-AF49-ADFD601450EA}.Debug|Any CPU.ActiveCfg = Debug|Any CPU
		{778DD63C-CEEC-4F78-AF49-ADFD601450EA}.Debug|Any CPU.Build.0 = Debug|Any CPU
		{778DD63C-CEEC-4F78-AF49-ADFD601450EA}.Release|Any CPU.ActiveCfg = Release|Any CPU
		{778DD63C-CEEC-4F78-AF49-ADFD601450EA}.Release|Any CPU.Build.0 = Release|Any CPU
		{98AE6E58-7BE0-440A-95E2-F299F7A179CB}.Debug|Any CPU.ActiveCfg = Debug|Any CPU
		{98AE6E58-7BE0-440A-95E2-F299F7A179CB}.Debug|Any CPU.Build.0 = Debug|Any CPU
		{98AE6E58-7BE0-440A-95E2-F299F7A179CB}.Release|Any CPU.ActiveCfg = Release|Any CPU
		{98AE6E58-7BE0-440A-95E2-F299F7A179CB}.Release|Any CPU.Build.0 = Release|Any CPU
	EndGlobalSection
	GlobalSection(SolutionProperties) = preSolution
		HideSolutionNode = FALSE
	EndGlobalSection
	GlobalSection(ExtensibilityGlobals) = postSolution
		SolutionGuid = {B3FC8571-ABDE-4320-8BFB-754C60C56FCC}
	EndGlobalSection
EndGlobal
